
Microsoft Visual Studio Solution File, Format Version 12.00
# Visual Studio Version 17
VisualStudioVersion = 17.4.33110.190
MinimumVisualStudioVersion = 10.0.40219.1
Project("{9A19103F-16F7-4668-BE54-9A1E7A4F7556}") = "UdemyRabbitMQ.producer", "UdemyRabbitMQ.publisher\UdemyRabbitMQ.producer.csproj", "{A737642A-E284-4BC8-A718-CFDB086EAD08}"
EndProject
Project("{FAE04EC0-301F-11D3-BF4B-00C04F79EFBC}") = "UdemyRabbitMQ.consumer", "UdemyRabbitMQ.consumer\UdemyRabbitMQ.consumer.csproj", "{8B870625-D11A-4BC0-A6A5-5C056D60BAB7}"
EndProject
Global
	GlobalSection(SolutionConfigurationPlatforms) = preSolution
		Debug|Any CPU = Debug|Any CPU
		Release|Any CPU = Release|Any CPU
	EndGlobalSection
	GlobalSection(ProjectConfigurationPlatforms) = postSolution
		{A737642A-E284-4BC8-A718-CFDB086EAD08}.Debug|Any CPU.ActiveCfg = Debug|Any CPU
		{A737642A-E284-4BC8-A718-CFDB086EAD08}.Debug|Any CPU.Build.0 = Debug|Any CPU
		{A737642A-E284-4BC8-A718-CFDB086EAD08}.Release|Any CPU.ActiveCfg = Release|Any CPU
		{A737642A-E284-4BC8-A718-CFDB086EAD08}.Release|Any CPU.Build.0 = Release|Any CPU
		{8B870625-D11A-4BC0-A6A5-5C056D60BAB7}.Debug|Any CPU.ActiveCfg = Debug|Any CPU
		{8B870625-D11A-4BC0-A6A5-5C056D60BAB7}.Debug|Any CPU.Build.0 = Debug|Any CPU
		{8B870625-D11A-4BC0-A6A5-5C056D60BAB7}.Release|Any CPU.ActiveCfg = Release|Any CPU
		{8B870625-D11A-4BC0-A6A5-5C056D60BAB7}.Release|Any CPU.Build.0 = Release|Any CPU
	EndGlobalSection
	GlobalSection(SolutionProperties) = preSolution
		HideSolutionNode = FALSE
	EndGlobalSection
	GlobalSection(ExtensibilityGlobals) = postSolution
		SolutionGuid = {EC815BAB-3F86-42CA-89C4-DEEE1E4B6337}
	EndGlobalSection
EndGlobal
